
Microsoft Visual Studio Solution File, Format Version 12.00
# Visual Studio Version 16
VisualStudioVersion = 16.0.32510.428
MinimumVisualStudioVersion = 10.0.40219.1
Project("{FAE04EC0-301F-11D3-BF4B-00C04F79EFBC}") = "CAPTCHA", "CAPTCHA.csproj", "{A8B004F5-2335-4352-99C1-324393A53725}"
EndProject
Global
	GlobalSection(SolutionConfigurationPlatforms) = preSolution
		Debug|Any CPU = Debug|Any CPU
		Release|Any CPU = Release|Any CPU
	EndGlobalSection
	GlobalSection(ProjectConfigurationPlatforms) = postSolution
		{A8B004F5-2335-4352-99C1-324393A53725}.Debug|Any CPU.ActiveCfg = Debug|Any CPU
		{A8B004F5-2335-4352-99C1-324393A53725}.Debug|Any CPU.Build.0 = Debug|Any CPU
		{A8B004F5-2335-4352-99C1-324393A53725}.Release|Any CPU.ActiveCfg = Release|Any CPU
		{A8B004F5-2335-4352-99C1-324393A53725}.Release|Any CPU.Build.0 = Release|Any CPU
	EndGlobalSection
	GlobalSection(SolutionProperties) = preSolution
		HideSolutionNode = FALSE
	EndGlobalSection
	GlobalSection(ExtensibilityGlobals) = postSolution
		SolutionGuid = {30C6105F-1423-4C3D-8905-423CE71E702E}
	EndGlobalSection
EndGlobal
