
Microsoft Visual Studio Solution File, Format Version 12.00
# Visual Studio Version 16
VisualStudioVersion = 16.0.32510.428
MinimumVisualStudioVersion = 10.0.40219.1
Project("{FAE04EC0-301F-11D3-BF4B-00C04F79EFBC}") = "Lab 7.3", "Lab 7.3.csproj", "{20B917C8-7BC2-45E8-8A0F-789377E09F24}"
EndProject
Global
	GlobalSection(SolutionConfigurationPlatforms) = preSolution
		Debug|Any CPU = Debug|Any CPU
		Release|Any CPU = Release|Any CPU
	EndGlobalSection
	GlobalSection(ProjectConfigurationPlatforms) = postSolution
		{20B917C8-7BC2-45E8-8A0F-789377E09F24}.Debug|Any CPU.ActiveCfg = Debug|Any CPU
		{20B917C8-7BC2-45E8-8A0F-789377E09F24}.Debug|Any CPU.Build.0 = Debug|Any CPU
		{20B917C8-7BC2-45E8-8A0F-789377E09F24}.Release|Any CPU.ActiveCfg = Release|Any CPU
		{20B917C8-7BC2-45E8-8A0F-789377E09F24}.Release|Any CPU.Build.0 = Release|Any CPU
	EndGlobalSection
	GlobalSection(SolutionProperties) = preSolution
		HideSolutionNode = FALSE
	EndGlobalSection
	GlobalSection(ExtensibilityGlobals) = postSolution
		SolutionGuid = {D2B3D8FA-FF67-4C4D-85B1-4A660609B0DF}
	EndGlobalSection
EndGlobal
